// !$*UTF8*$!
{
	archiveVersion = 1;
	classes = {
	};
	objectVersion = 50;
	objects = {

/* Begin PBXBuildFile section */
		71425ED8252E5DCC0028FD19 /* AppDelegate.swift in Sources */ = {isa = PBXBuildFile; fileRef = 71425ED7252E5DCC0028FD19 /* AppDelegate.swift */; };
		71425EDA252E5DCC0028FD19 /* SceneDelegate.swift in Sources */ = {isa = PBXBuildFile; fileRef = 71425ED9252E5DCC0028FD19 /* SceneDelegate.swift */; };
		71425EDC252E5DCC0028FD19 /* ViewController.swift in Sources */ = {isa = PBXBuildFile; fileRef = 71425EDB252E5DCC0028FD19 /* ViewController.swift */; };
		71425EDF252E5DCC0028FD19 /* Main.storyboard in Resources */ = {isa = PBXBuildFile; fileRef = 71425EDD252E5DCC0028FD19 /* Main.storyboard */; };
		71425EE1252E5DD00028FD19 /* Assets.xcassets in Resources */ = {isa = PBXBuildFile; fileRef = 71425EE0252E5DD00028FD19 /* Assets.xcassets */; };
		71425EE4252E5DD00028FD19 /* LaunchScreen.storyboard in Resources */ = {isa = PBXBuildFile; fileRef = 71425EE2252E5DD00028FD19 /* LaunchScreen.storyboard */; };
/* End PBXBuildFile section */

/* Begin PBXFileReference section */
		71425ED4252E5DCC0028FD19 /* HackWGT.app */ = {isa = PBXFileReference; explicitFileType = wrapper.application; includeInIndex = 0; path = HackWGT.app; sourceTree = BUILT_PRODUCTS_DIR; };
		71425ED7252E5DCC0028FD19 /* AppDelegate.swift */ = {isa = PBXFileReference; lastKnownFileType = sourcecode.swift; path = AppDelegate.swift; sourceTree = "<group>"; };
		71425ED9252E5DCC0028FD19 /* SceneDelegate.swift */ = {isa = PBXFileReference; lastKnownFileType = sourcecode.swift; path = SceneDelegate.swift; sourceTree = "<group>"; };
		71425EDB252E5DCC0028FD19 /* ViewController.swift */ = {isa = PBXFileReference; lastKnownFileType = sourcecode.swift; path = ViewController.swift; sourceTree = "<group>"; };
		71425EDE252E5DCC0028FD19 /* Base */ = {isa = PBXFileReference; lastKnownFileType = file.storyboard; name = Base; path = Base.lproj/Main.storyboard; sourceTree = "<group>"; };
		71425EE0252E5DD00028FD19 /* Assets.xcassets */ = {isa = PBXFileReference; lastKnownFileType = folder.assetcatalog; path = Assets.xcassets; sourceTree = "<group>"; };
		71425EE3252E5DD00028FD19 /* Base */ = {isa = PBXFileReference; lastKnownFileType = file.storyboard; name = Base; path = Base.lproj/LaunchScreen.storyboard; sourceTree = "<group>"; };
		71425EE5252E5DD00028FD19 /* Info.plist */ = {isa = PBXFileReference; lastKnownFileType = text.plist.xml; path = Info.plist; sourceTree = "<group>"; };
/* End PBXFileReference section */

/* Begin PBXFrameworksBuildPhase section */
		71425ED1252E5DCC0028FD19 /* Frameworks */ = {
			isa = PBXFrameworksBuildPhase;
			buildActionMask = 2147483647;
			files = (
			);
			runOnlyForDeploymentPostprocessing = 0;
		};
/* End PBXFrameworksBuildPhase section */

/* Begin PBXGroup section */
		71425ECB252E5DCC0028FD19 = {
			isa = PBXGroup;
			children = (
				71425ED6252E5DCC0028FD19 /* HackWGT */,
				71425ED5252E5DCC0028FD19 /* Products */,
			);
			sourceTree = "<group>";
		};
		71425ED5252E5DCC0028FD19 /* Products */ = {
			isa = PBXGroup;
			children = (
				71425ED4252E5DCC0028FD19 /* HackWGT.app */,
			);
			name = Products;
			sourceTree = "<group>";
		};
		71425ED6252E5DCC0028FD19 /* HackWGT */ = {
			isa = PBXGroup;
			children = (
				71425ED7252E5DCC0028FD19 /* AppDelegate.swift */,
				71425ED9252E5DCC0028FD19 /* SceneDelegate.swift */,
				71425EDB252E5DCC0028FD19 /* ViewController.swift */,
				71425EDD252E5DCC0028FD19 /* Main.storyboard */,
				71425EE0252E5DD00028FD19 /* Assets.xcassets */,
				71425EE2252E5DD00028FD19 /* LaunchScreen.storyboard */,
				71425EE5252E5DD00028FD19 /* Info.plist */,
			);
			path = HackWGT;
			sourceTree = "<group>";
		};
/* End PBXGroup section */

/* Begin PBXNativeTarget section */
		71425ED3252E5DCC0028FD19 /* HackWGT */ = {
			isa = PBXNativeTarget;
			buildConfigurationList = 71425EE8252E5DD00028FD19 /* Build configuration list for PBXNativeTarget "HackWGT" */;
			buildPhases = (
				71425ED0252E5DCC0028FD19 /* Sources */,
				71425ED1252E5DCC0028FD19 /* Frameworks */,
				71425ED2252E5DCC0028FD19 /* Resources */,
			);
			buildRules = (
			);
			dependencies = (
			);
			name = HackWGT;
			productName = HackWGT;
			productReference = 71425ED4252E5DCC0028FD19 /* HackWGT.app */;
			productType = "com.apple.product-type.application";
		};
/* End PBXNativeTarget section */

/* Begin PBXProject section */
		71425ECC252E5DCC0028FD19 /* Project object */ = {
			isa = PBXProject;
			attributes = {
				LastSwiftUpdateCheck = 1100;
				LastUpgradeCheck = 1100;
				ORGANIZATIONNAME = "Anna Huller";
				TargetAttributes = {
					71425ED3252E5DCC0028FD19 = {
						CreatedOnToolsVersion = 11.0;
					};
				};
			};
			buildConfigurationList = 71425ECF252E5DCC0028FD19 /* Build configuration list for PBXProject "HackWGT" */;
			compatibilityVersion = "Xcode 9.3";
			developmentRegion = en;
			hasScannedForEncodings = 0;
			knownRegions = (
				en,
				Base,
			);
			mainGroup = 71425ECB252E5DCC0028FD19;
			productRefGroup = 71425ED5252E5DCC0028FD19 /* Products */;
			projectDirPath = "";
			projectRoot = "";
			targets = (
				71425ED3252E5DCC0028FD19 /* HackWGT */,
			);
		};
/* End PBXProject section */

/* Begin PBXResourcesBuildPhase section */
		71425ED2252E5DCC0028FD19 /* Resources */ = {
			isa = PBXResourcesBuildPhase;
			buildActionMask = 2147483647;
			files = (
				71425EE4252E5DD00028FD19 /* LaunchScreen.storyboard in Resources */,
				71425EE1252E5DD00028FD19 /* Assets.xcassets in Resources */,
				71425EDF252E5DCC0028FD19 /* Main.storyboard in Resources */,
			);
			runOnlyForDeploymentPostprocessing = 0;
		};
/* End PBXResourcesBuildPhase section */

/* Begin PBXSourcesBuildPhase section */
		71425ED0252E5DCC0028FD19 /* Sources */ = {
			isa = PBXSourcesBuildPhase;
			buildActionMask = 2147483647;
			files = (
				71425EDC252E5DCC0028FD19 /* ViewController.swift in Sources */,
				71425ED8252E5DCC0028FD19 /* AppDelegate.swift in Sources */,
				71425EDA252E5DCC0028FD19 /* SceneDelegate.swift in Sources */,
			);
			runOnlyForDeploymentPostprocessing = 0;
		};
/* End PBXSourcesBuildPhase section */

/* Begin PBXVariantGroup section */
		71425EDD252E5DCC0028FD19 /* Main.storyboard */ = {
			isa = PBXVariantGroup;
			children = (
				71425EDE252E5DCC0028FD19 /* Base */,
			);
			name = Main.storyboard;
			sourceTree = "<group>";
		};
		71425EE2252E5DD00028FD19 /* LaunchScreen.storyboard */ = {
			isa = PBXVariantGroup;
			children = (
				71425EE3252E5DD00028FD19 /* Base */,
			);
			name = LaunchScreen.storyboard;
			sourceTree = "<group>";
		};
/* End PBXVariantGroup section */

/* Begin XCBuildConfiguration section */
		71425EE6252E5DD00028FD19 /* Debug */ = {
			isa = XCBuildConfiguration;
			buildSettings = {
				ALWAYS_SEARCH_USER_PATHS = NO;
				CLANG_ANALYZER_NONNULL = YES;
				CLANG_ANALYZER_NUMBER_OBJECT_CONVERSION = YES_AGGRESSIVE;
				CLANG_CXX_LANGUAGE_STANDARD = "gnu++14";
				CLANG_CXX_LIBRARY = "libc++";
				CLANG_ENABLE_MODULES = YES;
				CLANG_ENABLE_OBJC_ARC = YES;
				CLANG_ENABLE_OBJC_WEAK = YES;
				CLANG_WARN_BLOCK_CAPTURE_AUTORELEASING = YES;
				CLANG_WARN_BOOL_CONVERSION = YES;
				CLANG_WARN_COMMA = YES;
				CLANG_WARN_CONSTANT_CONVERSION = YES;
				CLANG_WARN_DEPRECATED_OBJC_IMPLEMENTATIONS = YES;
				CLANG_WARN_DIRECT_OBJC_ISA_USAGE = YES_ERROR;
				CLANG_WARN_DOCUMENTATION_COMMENTS = YES;
				CLANG_WARN_EMPTY_BODY = YES;
				CLANG_WARN_ENUM_CONVERSION = YES;
				CLANG_WARN_INFINITE_RECURSION = YES;
				CLANG_WARN_INT_CONVERSION = YES;
				CLANG_WARN_NON_LITERAL_NULL_CONVERSION = YES;
				CLANG_WARN_OBJC_IMPLICIT_RETAIN_SELF = YES;
				CLANG_WARN_OBJC_LITERAL_CONVERSION = YES;
				CLANG_WARN_OBJC_ROOT_CLASS = YES_ERROR;
				CLANG_WARN_RANGE_LOOP_ANALYSIS = YES;
				CLANG_WARN_STRICT_PROTOTYPES = YES;
				CLANG_WARN_SUSPICIOUS_MOVE = YES;
				CLANG_WARN_UNGUARDED_AVAILABILITY = YES_AGGRESSIVE;
				CLANG_WARN_UNREACHABLE_CODE = YES;
				CLANG_WARN__DUPLICATE_METHOD_MATCH = YES;
				COPY_PHASE_STRIP = NO;
				DEBUG_INFORMATION_FORMAT = dwarf;
				ENABLE_STRICT_OBJC_MSGSEND = YES;
				ENABLE_TESTABILITY = YES;
				GCC_C_LANGUAGE_STANDARD = gnu11;
				GCC_DYNAMIC_NO_PIC = NO;
				GCC_NO_COMMON_BLOCKS = YES;
				GCC_OPTIMIZATION_LEVEL = 0;
				GCC_PREPROCESSOR_DEFINITIONS = (
					"DEBUG=1",
					"$(inherited)",
				);
				GCC_WARN_64_TO_32_BIT_CONVERSION = YES;
				GCC_WARN_ABOUT_RETURN_TYPE = YES_ERROR;
				GCC_WARN_UNDECLARED_SELECTOR = YES;
				GCC_WARN_UNINITIALIZED_AUTOS = YES_AGGRESSIVE;
				GCC_WARN_UNUSED_FUNCTION = YES;
				GCC_WARN_UNUSED_VARIABLE = YES;
				IPHONEOS_DEPLOYMENT_TARGET = 13.0;
				MTL_ENABLE_DEBUG_INFO = INCLUDE_SOURCE;
				MTL_FAST_MATH = YES;
				ONLY_ACTIVE_ARCH = YES;
				SDKROOT = iphoneos;
				SWIFT_ACTIVE_COMPILATION_CONDITIONS = DEBUG;
				SWIFT_OPTIMIZATION_LEVEL = "-Onone";
			};
			name = Debug;
		};
		71425EE7252E5DD00028FD19 /* Release */ = {
			isa = XCBuildConfiguration;
			buildSettings = {
				ALWAYS_SEARCH_USER_PATHS = NO;
				CLANG_ANALYZER_NONNULL = YES;
				CLANG_ANALYZER_NUMBER_OBJECT_CONVERSION = YES_AGGRESSIVE;
				CLANG_CXX_LANGUAGE_STANDARD = "gnu++14";
				CLANG_CXX_LIBRARY = "libc++";
				CLANG_ENABLE_MODULES = YES;
				CLANG_ENABLE_OBJC_ARC = YES;
				CLANG_ENABLE_OBJC_WEAK = YES;
				CLANG_WARN_BLOCK_CAPTURE_AUTORELEASING = YES;
				CLANG_WARN_BOOL_CONVERSION = YES;
				CLANG_WARN_COMMA = YES;
				CLANG_WARN_CONSTANT_CONVERSION = YES;
				CLANG_WARN_DEPRECATED_OBJC_IMPLEMENTATIONS = YES;
				CLANG_WARN_DIRECT_OBJC_ISA_USAGE = YES_ERROR;
				CLANG_WARN_DOCUMENTATION_COMMENTS = YES;
				CLANG_WARN_EMPTY_BODY = YES;
				CLANG_WARN_ENUM_CONVERSION = YES;
				CLANG_WARN_INFINITE_RECURSION = YES;
				CLANG_WARN_INT_CONVERSION = YES;
				CLANG_WARN_NON_LITERAL_NULL_CONVERSION = YES;
				CLANG_WARN_OBJC_IMPLICIT_RETAIN_SELF = YES;
				CLANG_WARN_OBJC_LITERAL_CONVERSION = YES;
				CLANG_WARN_OBJC_ROOT_CLASS = YES_ERROR;
				CLANG_WARN_RANGE_LOOP_ANALYSIS = YES;
				CLANG_WARN_STRICT_PROTOTYPES = YES;
				CLANG_WARN_SUSPICIOUS_MOVE = YES;
				CLANG_WARN_UNGUARDED_AVAILABILITY = YES_AGGRESSIVE;
				CLANG_WARN_UNREACHABLE_CODE = YES;
				CLANG_WARN__DUPLICATE_METHOD_MATCH = YES;
				COPY_PHASE_STRIP = NO;
				DEBUG_INFORMATION_FORMAT = "dwarf-with-dsym";
				ENABLE_NS_ASSERTIONS = NO;
				ENABLE_STRICT_OBJC_MSGSEND = YES;
				GCC_C_LANGUAGE_STANDARD = gnu11;
				GCC_NO_COMMON_BLOCKS = YES;
				GCC_WARN_64_TO_32_BIT_CONVERSION = YES;
				GCC_WARN_ABOUT_RETURN_TYPE = YES_ERROR;
				GCC_WARN_UNDECLARED_SELECTOR = YES;
				GCC_WARN_UNINITIALIZED_AUTOS = YES_AGGRESSIVE;
				GCC_WARN_UNUSED_FUNCTION = YES;
				GCC_WARN_UNUSED_VARIABLE = YES;
				IPHONEOS_DEPLOYMENT_TARGET = 13.0;
				MTL_ENABLE_DEBUG_INFO = NO;
				MTL_FAST_MATH = YES;
				SDKROOT = iphoneos;
				SWIFT_COMPILATION_MODE = wholemodule;
				SWIFT_OPTIMIZATION_LEVEL = "-O";
				VALIDATE_PRODUCT = YES;
			};
			name = Release;
		};
		71425EE9252E5DD00028FD19 /* Debug */ = {
			isa = XCBuildConfiguration;
			buildSettings = {
				ASSETCATALOG_COMPILER_APPICON_NAME = AppIcon;
				CODE_SIGN_STYLE = Automatic;
				INFOPLIST_FILE = HackWGT/Info.plist;
				LD_RUNPATH_SEARCH_PATHS = (
					"$(inherited)",
					"@executable_path/Frameworks",
				);
				PRODUCT_BUNDLE_IDENTIFIER = "com.Anna-Huller.HackWGT";
				PRODUCT_NAME = "$(TARGET_NAME)";
				SWIFT_VERSION = 5.0;
				TARGETED_DEVICE_FAMILY = "1,2";
			};
			name = Debug;
		};
		71425EEA252E5DD00028FD19 /* Release */ = {
			isa = XCBuildConfiguration;
			buildSettings = {
				ASSETCATALOG_COMPILER_APPICON_NAME = AppIcon;
				CODE_SIGN_STYLE = Automatic;
				INFOPLIST_FILE = HackWGT/Info.plist;
				LD_RUNPATH_SEARCH_PATHS = (
					"$(inherited)",
					"@executable_path/Frameworks",
				);
				PRODUCT_BUNDLE_IDENTIFIER = "com.Anna-Huller.HackWGT";
				PRODUCT_NAME = "$(TARGET_NAME)";
				SWIFT_VERSION = 5.0;
				TARGETED_DEVICE_FAMILY = "1,2";
			};
			name = Release;
		};
/* End XCBuildConfiguration section */

/* Begin XCConfigurationList section */
		71425ECF252E5DCC0028FD19 /* Build configuration list for PBXProject "HackWGT" */ = {
			isa = XCConfigurationList;
			buildConfigurations = (
				71425EE6252E5DD00028FD19 /* Debug */,
				71425EE7252E5DD00028FD19 /* Release */,
			);
			defaultConfigurationIsVisible = 0;
			defaultConfigurationName = Release;
		};
		71425EE8252E5DD00028FD19 /* Build configuration list for PBXNativeTarget "HackWGT" */ = {
			isa = XCConfigurationList;
			buildConfigurations = (
				71425EE9252E5DD00028FD19 /* Debug */,
				71425EEA252E5DD00028FD19 /* Release */,
			);
			defaultConfigurationIsVisible = 0;
			defaultConfigurationName = Release;
		};
/* End XCConfigurationList section */
	};
	rootObject = 71425ECC252E5DCC0028FD19 /* Project object */;
}
